
Microsoft Visual Studio Solution File, Format Version 12.00
# Visual Studio 15
VisualStudioVersion = 15.0.27130.2010
MinimumVisualStudioVersion = 10.0.40219.1
Project("{FAE04EC0-301F-11D3-BF4B-00C04F79EFBC}") = "Common.Functions.PromptCommandInGivenDirectory", "Common.Functions.PromptCommandInGivenDirectory\Common.Functions.PromptCommandInGivenDirectory.csproj", "{2E5150DB-8EB1-45F9-87DD-0CC31AFAF2EF}"
EndProject
Global
	GlobalSection(SolutionConfigurationPlatforms) = preSolution
		Debug|Any CPU = Debug|Any CPU
		Release|Any CPU = Release|Any CPU
	EndGlobalSection
	GlobalSection(ProjectConfigurationPlatforms) = postSolution
		{2E5150DB-8EB1-45F9-87DD-0CC31AFAF2EF}.Debug|Any CPU.ActiveCfg = Debug|Any CPU
		{2E5150DB-8EB1-45F9-87DD-0CC31AFAF2EF}.Debug|Any CPU.Build.0 = Debug|Any CPU
		{2E5150DB-8EB1-45F9-87DD-0CC31AFAF2EF}.Release|Any CPU.ActiveCfg = Release|Any CPU
		{2E5150DB-8EB1-45F9-87DD-0CC31AFAF2EF}.Release|Any CPU.Build.0 = Release|Any CPU
	EndGlobalSection
	GlobalSection(SolutionProperties) = preSolution
		HideSolutionNode = FALSE
	EndGlobalSection
	GlobalSection(ExtensibilityGlobals) = postSolution
		SolutionGuid = {CD55F5E3-A507-4F4C-BB0D-F9D0A9CFC95A}
	EndGlobalSection
EndGlobal
